
Microsoft Visual Studio Solution File, Format Version 12.00
# Visual Studio 15
VisualStudioVersion = 15.0.26730.16
MinimumVisualStudioVersion = 10.0.40219.1
Project("{FAE04EC0-301F-11D3-BF4B-00C04F79EFBC}") = "OS", "OS\OS.csproj", "{FCCF20F0-EEA5-4385-8D59-E48136FF892E}"
EndProject
Global
	GlobalSection(SolutionConfigurationPlatforms) = preSolution
		Debug|Any CPU = Debug|Any CPU
		Release|Any CPU = Release|Any CPU
	EndGlobalSection
	GlobalSection(ProjectConfigurationPlatforms) = postSolution
		{FCCF20F0-EEA5-4385-8D59-E48136FF892E}.Debug|Any CPU.ActiveCfg = Debug|Any CPU
		{FCCF20F0-EEA5-4385-8D59-E48136FF892E}.Debug|Any CPU.Build.0 = Debug|Any CPU
		{FCCF20F0-EEA5-4385-8D59-E48136FF892E}.Release|Any CPU.ActiveCfg = Release|Any CPU
		{FCCF20F0-EEA5-4385-8D59-E48136FF892E}.Release|Any CPU.Build.0 = Release|Any CPU
	EndGlobalSection
	GlobalSection(SolutionProperties) = preSolution
		HideSolutionNode = FALSE
	EndGlobalSection
	GlobalSection(ExtensibilityGlobals) = postSolution
		SolutionGuid = {030E5002-A129-4C40-A3F7-198B0D8685AB}
	EndGlobalSection
EndGlobal
